
Microsoft Visual Studio Solution File, Format Version 12.00
# Visual Studio Version 16
VisualStudioVersion = 16.0.31321.278
MinimumVisualStudioVersion = 10.0.40219.1
Project("{FAE04EC0-301F-11D3-BF4B-00C04F79EFBC}") = "MLTGallery", "MLTGallery.csproj", "{F53C6C23-1AA2-4CA1-871B-C562F07318F1}"
EndProject
Global
	GlobalSection(SolutionConfigurationPlatforms) = preSolution
		Debug|Any CPU = Debug|Any CPU
		Release|Any CPU = Release|Any CPU
	EndGlobalSection
	GlobalSection(ProjectConfigurationPlatforms) = postSolution
		{F53C6C23-1AA2-4CA1-871B-C562F07318F1}.Debug|Any CPU.ActiveCfg = Debug|Any CPU
		{F53C6C23-1AA2-4CA1-871B-C562F07318F1}.Debug|Any CPU.Build.0 = Debug|Any CPU
		{F53C6C23-1AA2-4CA1-871B-C562F07318F1}.Release|Any CPU.ActiveCfg = Release|Any CPU
		{F53C6C23-1AA2-4CA1-871B-C562F07318F1}.Release|Any CPU.Build.0 = Release|Any CPU
	EndGlobalSection
	GlobalSection(SolutionProperties) = preSolution
		HideSolutionNode = FALSE
	EndGlobalSection
	GlobalSection(ExtensibilityGlobals) = postSolution
		SolutionGuid = {515E4FBB-9ACC-44C9-A87E-81AD39B9EC66}
	EndGlobalSection
EndGlobal
